// !$*UTF8*$!
{
	archiveVersion = 1;
	classes = {
	};
	objectVersion = 46;
	objects = {

/* Begin PBXBuildFile section */
		BE1053FA1972A6EF008C1434 /* Foundation.framework in Frameworks */ = {isa = PBXBuildFile; fileRef = BE1053F91972A6EF008C1434 /* Foundation.framework */; };
		BE1053FC1972A6EF008C1434 /* CoreGraphics.framework in Frameworks */ = {isa = PBXBuildFile; fileRef = BE1053FB1972A6EF008C1434 /* CoreGraphics.framework */; };
		BE1053FE1972A6EF008C1434 /* UIKit.framework in Frameworks */ = {isa = PBXBuildFile; fileRef = BE1053FD1972A6EF008C1434 /* UIKit.framework */; };
		BE1054041972A6EF008C1434 /* InfoPlist.strings in Resources */ = {isa = PBXBuildFile; fileRef = BE1054021972A6EF008C1434 /* InfoPlist.strings */; };
		BE1054061972A6EF008C1434 /* main.m in Sources */ = {isa = PBXBuildFile; fileRef = BE1054051972A6EF008C1434 /* main.m */; };
		BE10540A1972A6EF008C1434 /* AppDelegate.m in Sources */ = {isa = PBXBuildFile; fileRef = BE1054091972A6EF008C1434 /* AppDelegate.m */; };
		BE10540D1972A6EF008C1434 /* Main.storyboard in Resources */ = {isa = PBXBuildFile; fileRef = BE10540B1972A6EF008C1434 /* Main.storyboard */; };
		BE1054101972A6EF008C1434 /* ViewController.m in Sources */ = {isa = PBXBuildFile; fileRef = BE10540F1972A6EF008C1434 /* ViewController.m */; };
		BE1054121972A6EF008C1434 /* Images.xcassets in Resources */ = {isa = PBXBuildFile; fileRef = BE1054111972A6EF008C1434 /* Images.xcassets */; };
		BE1054191972A6EF008C1434 /* XCTest.framework in Frameworks */ = {isa = PBXBuildFile; fileRef = BE1054181972A6EF008C1434 /* XCTest.framework */; };
		BE10541A1972A6EF008C1434 /* Foundation.framework in Frameworks */ = {isa = PBXBuildFile; fileRef = BE1053F91972A6EF008C1434 /* Foundation.framework */; };
		BE10541B1972A6EF008C1434 /* UIKit.framework in Frameworks */ = {isa = PBXBuildFile; fileRef = BE1053FD1972A6EF008C1434 /* UIKit.framework */; };
		BE1054231972A6EF008C1434 /* InfoPlist.strings in Resources */ = {isa = PBXBuildFile; fileRef = BE1054211972A6EF008C1434 /* InfoPlist.strings */; };
		BE1054251972A6EF008C1434 /* swipeTestTests.m in Sources */ = {isa = PBXBuildFile; fileRef = BE1054241972A6EF008C1434 /* swipeTestTests.m */; };
/* End PBXBuildFile section */

/* Begin PBXContainerItemProxy section */
		BE10541C1972A6EF008C1434 /* PBXContainerItemProxy */ = {
			isa = PBXContainerItemProxy;
			containerPortal = BE1053EE1972A6EF008C1434 /* Project object */;
			proxyType = 1;
			remoteGlobalIDString = BE1053F51972A6EF008C1434;
			remoteInfo = swipeTest;
		};
/* End PBXContainerItemProxy section */

/* Begin PBXFileReference section */
		BE1053F61972A6EF008C1434 /* swipeTest.app */ = {isa = PBXFileReference; explicitFileType = wrapper.application; includeInIndex = 0; path = swipeTest.app; sourceTree = BUILT_PRODUCTS_DIR; };
		BE1053F91972A6EF008C1434 /* Foundation.framework */ = {isa = PBXFileReference; lastKnownFileType = wrapper.framework; name = Foundation.framework; path = System/Library/Frameworks/Foundation.framework; sourceTree = SDKROOT; };
		BE1053FB1972A6EF008C1434 /* CoreGraphics.framework */ = {isa = PBXFileReference; lastKnownFileType = wrapper.framework; name = CoreGraphics.framework; path = System/Library/Frameworks/CoreGraphics.framework; sourceTree = SDKROOT; };
		BE1053FD1972A6EF008C1434 /* UIKit.framework */ = {isa = PBXFileReference; lastKnownFileType = wrapper.framework; name = UIKit.framework; path = System/Library/Frameworks/UIKit.framework; sourceTree = SDKROOT; };
		BE1054011972A6EF008C1434 /* swipeTest-Info.plist */ = {isa = PBXFileReference; lastKnownFileType = text.plist.xml; path = "swipeTest-Info.plist"; sourceTree = "<group>"; };
		BE1054031972A6EF008C1434 /* en */ = {isa = PBXFileReference; lastKnownFileType = text.plist.strings; name = en; path = en.lproj/InfoPlist.strings; sourceTree = "<group>"; };
		BE1054051972A6EF008C1434 /* main.m */ = {isa = PBXFileReference; lastKnownFileType = sourcecode.c.objc; path = main.m; sourceTree = "<group>"; };
		BE1054071972A6EF008C1434 /* swipeTest-Prefix.pch */ = {isa = PBXFileReference; lastKnownFileType = sourcecode.c.h; path = "swipeTest-Prefix.pch"; sourceTree = "<group>"; };
		BE1054081972A6EF008C1434 /* AppDelegate.h */ = {isa = PBXFileReference; lastKnownFileType = sourcecode.c.h; path = AppDelegate.h; sourceTree = "<group>"; };
		BE1054091972A6EF008C1434 /* AppDelegate.m */ = {isa = PBXFileReference; lastKnownFileType = sourcecode.c.objc; path = AppDelegate.m; sourceTree = "<group>"; };
		BE10540C1972A6EF008C1434 /* Base */ = {isa = PBXFileReference; lastKnownFileType = file.storyboard; name = Base; path = Base.lproj/Main.storyboard; sourceTree = "<group>"; };
		BE10540E1972A6EF008C1434 /* ViewController.h */ = {isa = PBXFileReference; lastKnownFileType = sourcecode.c.h; path = ViewController.h; sourceTree = "<group>"; };
		BE10540F1972A6EF008C1434 /* ViewController.m */ = {isa = PBXFileReference; lastKnownFileType = sourcecode.c.objc; path = ViewController.m; sourceTree = "<group>"; };
		BE1054111972A6EF008C1434 /* Images.xcassets */ = {isa = PBXFileReference; lastKnownFileType = folder.assetcatalog; path = Images.xcassets; sourceTree = "<group>"; };
		BE1054171972A6EF008C1434 /* swipeTestTests.xctest */ = {isa = PBXFileReference; explicitFileType = wrapper.cfbundle; includeInIndex = 0; path = swipeTestTests.xctest; sourceTree = BUILT_PRODUCTS_DIR; };
		BE1054181972A6EF008C1434 /* XCTest.framework */ = {isa = PBXFileReference; lastKnownFileType = wrapper.framework; name = XCTest.framework; path = Library/Frameworks/XCTest.framework; sourceTree = DEVELOPER_DIR; };
		BE1054201972A6EF008C1434 /* swipeTestTests-Info.plist */ = {isa = PBXFileReference; lastKnownFileType = text.plist.xml; path = "swipeTestTests-Info.plist"; sourceTree = "<group>"; };
		BE1054221972A6EF008C1434 /* en */ = {isa = PBXFileReference; lastKnownFileType = text.plist.strings; name = en; path = en.lproj/InfoPlist.strings; sourceTree = "<group>"; };
		BE1054241972A6EF008C1434 /* swipeTestTests.m */ = {isa = PBXFileReference; lastKnownFileType = sourcecode.c.objc; path = swipeTestTests.m; sourceTree = "<group>"; };
/* End PBXFileReference section */

/* Begin PBXFrameworksBuildPhase section */
		BE1053F31972A6EF008C1434 /* Frameworks */ = {
			isa = PBXFrameworksBuildPhase;
			buildActionMask = 2147483647;
			files = (
				BE1053FC1972A6EF008C1434 /* CoreGraphics.framework in Frameworks */,
				BE1053FE1972A6EF008C1434 /* UIKit.framework in Frameworks */,
				BE1053FA1972A6EF008C1434 /* Foundation.framework in Frameworks */,
			);
			runOnlyForDeploymentPostprocessing = 0;
		};
		BE1054141972A6EF008C1434 /* Frameworks */ = {
			isa = PBXFrameworksBuildPhase;
			buildActionMask = 2147483647;
			files = (
				BE1054191972A6EF008C1434 /* XCTest.framework in Frameworks */,
				BE10541B1972A6EF008C1434 /* UIKit.framework in Frameworks */,
				BE10541A1972A6EF008C1434 /* Foundation.framework in Frameworks */,
			);
			runOnlyForDeploymentPostprocessing = 0;
		};
/* End PBXFrameworksBuildPhase section */

/* Begin PBXGroup section */
		BE1053ED1972A6EF008C1434 = {
			isa = PBXGroup;
			children = (
				BE1053FF1972A6EF008C1434 /* swipeTest */,
				BE10541E1972A6EF008C1434 /* swipeTestTests */,
				BE1053F81972A6EF008C1434 /* Frameworks */,
				BE1053F71972A6EF008C1434 /* Products */,
			);
			sourceTree = "<group>";
		};
		BE1053F71972A6EF008C1434 /* Products */ = {
			isa = PBXGroup;
			children = (
				BE1053F61972A6EF008C1434 /* swipeTest.app */,
				BE1054171972A6EF008C1434 /* swipeTestTests.xctest */,
			);
			name = Products;
			sourceTree = "<group>";
		};
		BE1053F81972A6EF008C1434 /* Frameworks */ = {
			isa = PBXGroup;
			children = (
				BE1053F91972A6EF008C1434 /* Foundation.framework */,
				BE1053FB1972A6EF008C1434 /* CoreGraphics.framework */,
				BE1053FD1972A6EF008C1434 /* UIKit.framework */,
				BE1054181972A6EF008C1434 /* XCTest.framework */,
			);
			name = Frameworks;
			sourceTree = "<group>";
		};
		BE1053FF1972A6EF008C1434 /* swipeTest */ = {
			isa = PBXGroup;
			children = (
				BE1054081972A6EF008C1434 /* AppDelegate.h */,
				BE1054091972A6EF008C1434 /* AppDelegate.m */,
				BE10540B1972A6EF008C1434 /* Main.storyboard */,
				BE10540E1972A6EF008C1434 /* ViewController.h */,
				BE10540F1972A6EF008C1434 /* ViewController.m */,
				BE1054111972A6EF008C1434 /* Images.xcassets */,
				BE1054001972A6EF008C1434 /* Supporting Files */,
			);
			path = swipeTest;
			sourceTree = "<group>";
		};
		BE1054001972A6EF008C1434 /* Supporting Files */ = {
			isa = PBXGroup;
			children = (
				BE1054011972A6EF008C1434 /* swipeTest-Info.plist */,
				BE1054021972A6EF008C1434 /* InfoPlist.strings */,
				BE1054051972A6EF008C1434 /* main.m */,
				BE1054071972A6EF008C1434 /* swipeTest-Prefix.pch */,
			);
			name = "Supporting Files";
			sourceTree = "<group>";
		};
		BE10541E1972A6EF008C1434 /* swipeTestTests */ = {
			isa = PBXGroup;
			children = (
				BE1054241972A6EF008C1434 /* swipeTestTests.m */,
				BE10541F1972A6EF008C1434 /* Supporting Files */,
			);
			path = swipeTestTests;
			sourceTree = "<group>";
		};
		BE10541F1972A6EF008C1434 /* Supporting Files */ = {
			isa = PBXGroup;
			children = (
				BE1054201972A6EF008C1434 /* swipeTestTests-Info.plist */,
				BE1054211972A6EF008C1434 /* InfoPlist.strings */,
			);
			name = "Supporting Files";
			sourceTree = "<group>";
		};
/* End PBXGroup section */

/* Begin PBXNativeTarget section */
		BE1053F51972A6EF008C1434 /* swipeTest */ = {
			isa = PBXNativeTarget;
			buildConfigurationList = BE1054281972A6EF008C1434 /* Build configuration list for PBXNativeTarget "swipeTest" */;
			buildPhases = (
				BE1053F21972A6EF008C1434 /* Sources */,
				BE1053F31972A6EF008C1434 /* Frameworks */,
				BE1053F41972A6EF008C1434 /* Resources */,
			);
			buildRules = (
			);
			dependencies = (
			);
			name = swipeTest;
			productName = swipeTest;
			productReference = BE1053F61972A6EF008C1434 /* swipeTest.app */;
			productType = "com.apple.product-type.application";
		};
		BE1054161972A6EF008C1434 /* swipeTestTests */ = {
			isa = PBXNativeTarget;
			buildConfigurationList = BE10542B1972A6EF008C1434 /* Build configuration list for PBXNativeTarget "swipeTestTests" */;
			buildPhases = (
				BE1054131972A6EF008C1434 /* Sources */,
				BE1054141972A6EF008C1434 /* Frameworks */,
				BE1054151972A6EF008C1434 /* Resources */,
			);
			buildRules = (
			);
			dependencies = (
				BE10541D1972A6EF008C1434 /* PBXTargetDependency */,
			);
			name = swipeTestTests;
			productName = swipeTestTests;
			productReference = BE1054171972A6EF008C1434 /* swipeTestTests.xctest */;
			productType = "com.apple.product-type.bundle.unit-test";
		};
/* End PBXNativeTarget section */

/* Begin PBXProject section */
		BE1053EE1972A6EF008C1434 /* Project object */ = {
			isa = PBXProject;
			attributes = {
				LastUpgradeCheck = 0510;
				ORGANIZATIONNAME = "FUJITA YASUO";
				TargetAttributes = {
					BE1054161972A6EF008C1434 = {
						TestTargetID = BE1053F51972A6EF008C1434;
					};
				};
			};
			buildConfigurationList = BE1053F11972A6EF008C1434 /* Build configuration list for PBXProject "swipeTest" */;
			compatibilityVersion = "Xcode 3.2";
			developmentRegion = English;
			hasScannedForEncodings = 0;
			knownRegions = (
				en,
				Base,
			);
			mainGroup = BE1053ED1972A6EF008C1434;
			productRefGroup = BE1053F71972A6EF008C1434 /* Products */;
			projectDirPath = "";
			projectRoot = "";
			targets = (
				BE1053F51972A6EF008C1434 /* swipeTest */,
				BE1054161972A6EF008C1434 /* swipeTestTests */,
			);
		};
/* End PBXProject section */

/* Begin PBXResourcesBuildPhase section */
		BE1053F41972A6EF008C1434 /* Resources */ = {
			isa = PBXResourcesBuildPhase;
			buildActionMask = 2147483647;
			files = (
				BE1054121972A6EF008C1434 /* Images.xcassets in Resources */,
				BE1054041972A6EF008C1434 /* InfoPlist.strings in Resources */,
				BE10540D1972A6EF008C1434 /* Main.storyboard in Resources */,
			);
			runOnlyForDeploymentPostprocessing = 0;
		};
		BE1054151972A6EF008C1434 /* Resources */ = {
			isa = PBXResourcesBuildPhase;
			buildActionMask = 2147483647;
			files = (
				BE1054231972A6EF008C1434 /* InfoPlist.strings in Resources */,
			);
			runOnlyForDeploymentPostprocessing = 0;
		};
/* End PBXResourcesBuildPhase section */

/* Begin PBXSourcesBuildPhase section */
		BE1053F21972A6EF008C1434 /* Sources */ = {
			isa = PBXSourcesBuildPhase;
			buildActionMask = 2147483647;
			files = (
				BE1054101972A6EF008C1434 /* ViewController.m in Sources */,
				BE10540A1972A6EF008C1434 /* AppDelegate.m in Sources */,
				BE1054061972A6EF008C1434 /* main.m in Sources */,
			);
			runOnlyForDeploymentPostprocessing = 0;
		};
		BE1054131972A6EF008C1434 /* Sources */ = {
			isa = PBXSourcesBuildPhase;
			buildActionMask = 2147483647;
			files = (
				BE1054251972A6EF008C1434 /* swipeTestTests.m in Sources */,
			);
			runOnlyForDeploymentPostprocessing = 0;
		};
/* End PBXSourcesBuildPhase section */

/* Begin PBXTargetDependency section */
		BE10541D1972A6EF008C1434 /* PBXTargetDependency */ = {
			isa = PBXTargetDependency;
			target = BE1053F51972A6EF008C1434 /* swipeTest */;
			targetProxy = BE10541C1972A6EF008C1434 /* PBXContainerItemProxy */;
		};
/* End PBXTargetDependency section */

/* Begin PBXVariantGroup section */
		BE1054021972A6EF008C1434 /* InfoPlist.strings */ = {
			isa = PBXVariantGroup;
			children = (
				BE1054031972A6EF008C1434 /* en */,
			);
			name = InfoPlist.strings;
			sourceTree = "<group>";
		};
		BE10540B1972A6EF008C1434 /* Main.storyboard */ = {
			isa = PBXVariantGroup;
			children = (
				BE10540C1972A6EF008C1434 /* Base */,
			);
			name = Main.storyboard;
			sourceTree = "<group>";
		};
		BE1054211972A6EF008C1434 /* InfoPlist.strings */ = {
			isa = PBXVariantGroup;
			children = (
				BE1054221972A6EF008C1434 /* en */,
			);
			name = InfoPlist.strings;
			sourceTree = "<group>";
		};
/* End PBXVariantGroup section */

/* Begin XCBuildConfiguration section */
		BE1054261972A6EF008C1434 /* Debug */ = {
			isa = XCBuildConfiguration;
			buildSettings = {
				ALWAYS_SEARCH_USER_PATHS = NO;
				CLANG_CXX_LANGUAGE_STANDARD = "gnu++0x";
				CLANG_CXX_LIBRARY = "libc++";
				CLANG_ENABLE_MODULES = YES;
				CLANG_ENABLE_OBJC_ARC = YES;
				CLANG_WARN_BOOL_CONVERSION = YES;
				CLANG_WARN_CONSTANT_CONVERSION = YES;
				CLANG_WARN_DIRECT_OBJC_ISA_USAGE = YES_ERROR;
				CLANG_WARN_EMPTY_BODY = YES;
				CLANG_WARN_ENUM_CONVERSION = YES;
				CLANG_WARN_INT_CONVERSION = YES;
				CLANG_WARN_OBJC_ROOT_CLASS = YES_ERROR;
				CLANG_WARN__DUPLICATE_METHOD_MATCH = YES;
				"CODE_SIGN_IDENTITY[sdk=iphoneos*]" = "iPhone Developer";
				COPY_PHASE_STRIP = NO;
				GCC_C_LANGUAGE_STANDARD = gnu99;
				GCC_DYNAMIC_NO_PIC = NO;
				GCC_OPTIMIZATION_LEVEL = 0;
				GCC_PREPROCESSOR_DEFINITIONS = (
					"DEBUG=1",
					"$(inherited)",
				);
				GCC_SYMBOLS_PRIVATE_EXTERN = NO;
				GCC_WARN_64_TO_32_BIT_CONVERSION = YES;
				GCC_WARN_ABOUT_RETURN_TYPE = YES_ERROR;
				GCC_WARN_UNDECLARED_SELECTOR = YES;
				GCC_WARN_UNINITIALIZED_AUTOS = YES_AGGRESSIVE;
				GCC_WARN_UNUSED_FUNCTION = YES;
				GCC_WARN_UNUSED_VARIABLE = YES;
				IPHONEOS_DEPLOYMENT_TARGET = 7.1;
				ONLY_ACTIVE_ARCH = YES;
				SDKROOT = iphoneos;
			};
			name = Debug;
		};
		BE1054271972A6EF008C1434 /* Release */ = {
			isa = XCBuildConfiguration;
			buildSettings = {
				ALWAYS_SEARCH_USER_PATHS = NO;
				CLANG_CXX_LANGUAGE_STANDARD = "gnu++0x";
				CLANG_CXX_LIBRARY = "libc++";
				CLANG_ENABLE_MODULES = YES;
				CLANG_ENABLE_OBJC_ARC = YES;
				CLANG_WARN_BOOL_CONVERSION = YES;
				CLANG_WARN_CONSTANT_CONVERSION = YES;
				CLANG_WARN_DIRECT_OBJC_ISA_USAGE = YES_ERROR;
				CLANG_WARN_EMPTY_BODY = YES;
				CLANG_WARN_ENUM_CONVERSION = YES;
				CLANG_WARN_INT_CONVERSION = YES;
				CLANG_WARN_OBJC_ROOT_CLASS = YES_ERROR;
				CLANG_WARN__DUPLICATE_METHOD_MATCH = YES;
				"CODE_SIGN_IDENTITY[sdk=iphoneos*]" = "iPhone Developer";
				COPY_PHASE_STRIP = YES;
				ENABLE_NS_ASSERTIONS = NO;
				GCC_C_LANGUAGE_STANDARD = gnu99;
				GCC_WARN_64_TO_32_BIT_CONVERSION = YES;
				GCC_WARN_ABOUT_RETURN_TYPE = YES_ERROR;
				GCC_WARN_UNDECLARED_SELECTOR = YES;
				GCC_WARN_UNINITIALIZED_AUTOS = YES_AGGRESSIVE;
				GCC_WARN_UNUSED_FUNCTION = YES;
				GCC_WARN_UNUSED_VARIABLE = YES;
				IPHONEOS_DEPLOYMENT_TARGET = 7.1;
				SDKROOT = iphoneos;
				VALIDATE_PRODUCT = YES;
			};
			name = Release;
		};
		BE1054291972A6EF008C1434 /* Debug */ = {
			isa = XCBuildConfiguration;
			buildSettings = {
				ASSETCATALOG_COMPILER_APPICON_NAME = AppIcon;
				ASSETCATALOG_COMPILER_LAUNCHIMAGE_NAME = LaunchImage;
				GCC_PRECOMPILE_PREFIX_HEADER = YES;
				GCC_PREFIX_HEADER = "swipeTest/swipeTest-Prefix.pch";
				INFOPLIST_FILE = "swipeTest/swipeTest-Info.plist";
				PRODUCT_NAME = "$(TARGET_NAME)";
				WRAPPER_EXTENSION = app;
			};
			name = Debug;
		};
		BE10542A1972A6EF008C1434 /* Release */ = {
			isa = XCBuildConfiguration;
			buildSettings = {
				ASSETCATALOG_COMPILER_APPICON_NAME = AppIcon;
				ASSETCATALOG_COMPILER_LAUNCHIMAGE_NAME = LaunchImage;
				GCC_PRECOMPILE_PREFIX_HEADER = YES;
				GCC_PREFIX_HEADER = "swipeTest/swipeTest-Prefix.pch";
				INFOPLIST_FILE = "swipeTest/swipeTest-Info.plist";
				PRODUCT_NAME = "$(TARGET_NAME)";
				WRAPPER_EXTENSION = app;
			};
			name = Release;
		};
		BE10542C1972A6EF008C1434 /* Debug */ = {
			isa = XCBuildConfiguration;
			buildSettings = {
				BUNDLE_LOADER = "$(BUILT_PRODUCTS_DIR)/swipeTest.app/swipeTest";
				FRAMEWORK_SEARCH_PATHS = (
					"$(SDKROOT)/Developer/Library/Frameworks",
					"$(inherited)",
					"$(DEVELOPER_FRAMEWORKS_DIR)",
				);
				GCC_PRECOMPILE_PREFIX_HEADER = YES;
				GCC_PREFIX_HEADER = "swipeTest/swipeTest-Prefix.pch";
				GCC_PREPROCESSOR_DEFINITIONS = (
					"DEBUG=1",
					"$(inherited)",
				);
				INFOPLIST_FILE = "swipeTestTests/swipeTestTests-Info.plist";
				PRODUCT_NAME = "$(TARGET_NAME)";
				TEST_HOST = "$(BUNDLE_LOADER)";
				WRAPPER_EXTENSION = xctest;
			};
			name = Debug;
		};
		BE10542D1972A6EF008C1434 /* Release */ = {
			isa = XCBuildConfiguration;
			buildSettings = {
				BUNDLE_LOADER = "$(BUILT_PRODUCTS_DIR)/swipeTest.app/swipeTest";
				FRAMEWORK_SEARCH_PATHS = (
					"$(SDKROOT)/Developer/Library/Frameworks",
					"$(inherited)",
					"$(DEVELOPER_FRAMEWORKS_DIR)",
				);
				GCC_PRECOMPILE_PREFIX_HEADER = YES;
				GCC_PREFIX_HEADER = "swipeTest/swipeTest-Prefix.pch";
				INFOPLIST_FILE = "swipeTestTests/swipeTestTests-Info.plist";
				PRODUCT_NAME = "$(TARGET_NAME)";
				TEST_HOST = "$(BUNDLE_LOADER)";
				WRAPPER_EXTENSION = xctest;
			};
			name = Release;
		};
/* End XCBuildConfiguration section */

/* Begin XCConfigurationList section */
		BE1053F11972A6EF008C1434 /* Build configuration list for PBXProject "swipeTest" */ = {
			isa = XCConfigurationList;
			buildConfigurations = (
				BE1054261972A6EF008C1434 /* Debug */,
				BE1054271972A6EF008C1434 /* Release */,
			);
			defaultConfigurationIsVisible = 0;
			defaultConfigurationName = Release;
		};
		BE1054281972A6EF008C1434 /* Build configuration list for PBXNativeTarget "swipeTest" */ = {
			isa = XCConfigurationList;
			buildConfigurations = (
				BE1054291972A6EF008C1434 /* Debug */,
				BE10542A1972A6EF008C1434 /* Release */,
			);
			defaultConfigurationIsVisible = 0;
		};
		BE10542B1972A6EF008C1434 /* Build configuration list for PBXNativeTarget "swipeTestTests" */ = {
			isa = XCConfigurationList;
			buildConfigurations = (
				BE10542C1972A6EF008C1434 /* Debug */,
				BE10542D1972A6EF008C1434 /* Release */,
			);
			defaultConfigurationIsVisible = 0;
		};
/* End XCConfigurationList section */
	};
	rootObject = BE1053EE1972A6EF008C1434 /* Project object */;
}
